
Microsoft Visual Studio Solution File, Format Version 12.00
# Visual Studio Version 17
VisualStudioVersion = 17.2.32616.157
MinimumVisualStudioVersion = 10.0.40219.1
Project("{9A19103F-16F7-4668-BE54-9A1E7A4F7556}") = "Api.Database.Postgre", "Api.Database.Postgre\Api.Database.Postgre.csproj", "{D540F5A3-220D-47E2-9771-9F620B90BCEB}"
EndProject
Project("{FAE04EC0-301F-11D3-BF4B-00C04F79EFBC}") = "Api.Database.Entity", "Api.Database.Entity\Api.Database.Entity.csproj", "{BE231B83-2330-4BCD-8F07-B53F47B2A046}"
EndProject
Global
	GlobalSection(SolutionConfigurationPlatforms) = preSolution
		Debug|Any CPU = Debug|Any CPU
		Release|Any CPU = Release|Any CPU
	EndGlobalSection
	GlobalSection(ProjectConfigurationPlatforms) = postSolution
		{D540F5A3-220D-47E2-9771-9F620B90BCEB}.Debug|Any CPU.ActiveCfg = Debug|Any CPU
		{D540F5A3-220D-47E2-9771-9F620B90BCEB}.Debug|Any CPU.Build.0 = Debug|Any CPU
		{D540F5A3-220D-47E2-9771-9F620B90BCEB}.Release|Any CPU.ActiveCfg = Release|Any CPU
		{D540F5A3-220D-47E2-9771-9F620B90BCEB}.Release|Any CPU.Build.0 = Release|Any CPU
		{BE231B83-2330-4BCD-8F07-B53F47B2A046}.Debug|Any CPU.ActiveCfg = Debug|Any CPU
		{BE231B83-2330-4BCD-8F07-B53F47B2A046}.Debug|Any CPU.Build.0 = Debug|Any CPU
		{BE231B83-2330-4BCD-8F07-B53F47B2A046}.Release|Any CPU.ActiveCfg = Release|Any CPU
		{BE231B83-2330-4BCD-8F07-B53F47B2A046}.Release|Any CPU.Build.0 = Release|Any CPU
	EndGlobalSection
	GlobalSection(SolutionProperties) = preSolution
		HideSolutionNode = FALSE
	EndGlobalSection
	GlobalSection(ExtensibilityGlobals) = postSolution
		SolutionGuid = {BFB774CB-9FFB-4D83-AB69-DD91AC276A55}
	EndGlobalSection
EndGlobal
